// !$*UTF8*$!
{
	archiveVersion = 1;
	classes = {
	};
	objectVersion = 46;
	objects = {

/* Begin PBXBuildFile section */
		4E050D7C152209BA0063EDED /* blck.png in Resources */ = {isa = PBXBuildFile; fileRef = 4E050D7B152209BA0063EDED /* blck.png */; };
		4E050D7F15220A320063EDED /* UIColor+AppColors.m in Sources */ = {isa = PBXBuildFile; fileRef = 4E050D7E15220A320063EDED /* UIColor+AppColors.m */; };
		4E050D8115220E710063EDED /* square.png in Resources */ = {isa = PBXBuildFile; fileRef = 4E050D8015220E710063EDED /* square.png */; };
		4E050D831522115D0063EDED /* QuartzCore.framework in Frameworks */ = {isa = PBXBuildFile; fileRef = 4E050D821522115D0063EDED /* QuartzCore.framework */; };
		4E050D86152219F60063EDED /* GameResultCelll.m in Sources */ = {isa = PBXBuildFile; fileRef = 4E050D85152219F60063EDED /* GameResultCelll.m */; };
		4E050D8915233C560063EDED /* TimelineScrollView.m in Sources */ = {isa = PBXBuildFile; fileRef = 4E050D8815233C560063EDED /* TimelineScrollView.m */; };
		4E050D8C15234F060063EDED /* GameCell.m in Sources */ = {isa = PBXBuildFile; fileRef = 4E050D8B15234F060063EDED /* GameCell.m */; };
		4E050D8E15235A8F0063EDED /* Entitlements.plist in Resources */ = {isa = PBXBuildFile; fileRef = 4E050D8D15235A8F0063EDED /* Entitlements.plist */; };
		4E050D9415236C6B0063EDED /* result.png in Resources */ = {isa = PBXBuildFile; fileRef = 4E050D9315236C6B0063EDED /* result.png */; };
		4E059D061525FA2E005ABD20 /* NSDate+DateConversion.m in Sources */ = {isa = PBXBuildFile; fileRef = 4E059D051525FA2E005ABD20 /* NSDate+DateConversion.m */; };
		4E059D091525FFBC005ABD20 /* Timeline.m in Sources */ = {isa = PBXBuildFile; fileRef = 4E059D081525FFBC005ABD20 /* Timeline.m */; };
		4E21509A15247CF800DBBC81 /* flagBackground.png in Resources */ = {isa = PBXBuildFile; fileRef = 4E21509915247CF800DBBC81 /* flagBackground.png */; };
		4E21509E152480A800DBBC81 /* Menu.m in Sources */ = {isa = PBXBuildFile; fileRef = 4E21509D152480A800DBBC81 /* Menu.m */; };
		4E531C16151CAB050003CAD1 /* UIKit.framework in Frameworks */ = {isa = PBXBuildFile; fileRef = 4E531C15151CAB050003CAD1 /* UIKit.framework */; };
		4E531C18151CAB050003CAD1 /* Foundation.framework in Frameworks */ = {isa = PBXBuildFile; fileRef = 4E531C17151CAB050003CAD1 /* Foundation.framework */; };
		4E531C1A151CAB050003CAD1 /* CoreGraphics.framework in Frameworks */ = {isa = PBXBuildFile; fileRef = 4E531C19151CAB050003CAD1 /* CoreGraphics.framework */; };
		4E531C20151CAB060003CAD1 /* InfoPlist.strings in Resources */ = {isa = PBXBuildFile; fileRef = 4E531C1E151CAB060003CAD1 /* InfoPlist.strings */; };
		4E531C22151CAB060003CAD1 /* main.m in Sources */ = {isa = PBXBuildFile; fileRef = 4E531C21151CAB060003CAD1 /* main.m */; };
		4E531C26151CAB060003CAD1 /* AppseitsAppDelegate.m in Sources */ = {isa = PBXBuildFile; fileRef = 4E531C25151CAB060003CAD1 /* AppseitsAppDelegate.m */; };
		4E531C29151CAB060003CAD1 /* MainStoryboard_iPhone.storyboard in Resources */ = {isa = PBXBuildFile; fileRef = 4E531C27151CAB060003CAD1 /* MainStoryboard_iPhone.storyboard */; };
		4E531C2C151CAB060003CAD1 /* MainStoryboard_iPad.storyboard in Resources */ = {isa = PBXBuildFile; fileRef = 4E531C2A151CAB060003CAD1 /* MainStoryboard_iPad.storyboard */; };
		4E531C3B151CACA90003CAD1 /* OverviewViewController.m in Sources */ = {isa = PBXBuildFile; fileRef = 4E531C3A151CACA80003CAD1 /* OverviewViewController.m */; };
		4E531C3F151CAE500003CAD1 /* LoginViewController.m in Sources */ = {isa = PBXBuildFile; fileRef = 4E531C3E151CAE500003CAD1 /* LoginViewController.m */; };
		4E531C43151CB04A0003CAD1 /* TournamentRound.m in Sources */ = {isa = PBXBuildFile; fileRef = 4E531C42151CB04A0003CAD1 /* TournamentRound.m */; };
		4E531C46151CB05B0003CAD1 /* Game.m in Sources */ = {isa = PBXBuildFile; fileRef = 4E531C45151CB05B0003CAD1 /* Game.m */; };
		4E531C4A151CB0820003CAD1 /* GameService.m in Sources */ = {isa = PBXBuildFile; fileRef = 4E531C49151CB0820003CAD1 /* GameService.m */; };
		4E531C4E151CB5D50003CAD1 /* GamePredictionCell.m in Sources */ = {isa = PBXBuildFile; fileRef = 4E531C4D151CB5D50003CAD1 /* GamePredictionCell.m */; };
		4E8571891537328B00795055 /* tipBar.png in Resources */ = {isa = PBXBuildFile; fileRef = 4E8571881537328B00795055 /* tipBar.png */; };
		4E86FF5C152B275F00958DDE /* RankingCell.m in Sources */ = {isa = PBXBuildFile; fileRef = 4E86FF5B152B275F00958DDE /* RankingCell.m */; };
		4E9D96E91536FF770092DA78 /* iCarousel.m in Sources */ = {isa = PBXBuildFile; fileRef = 4E9D96E81536FF770092DA78 /* iCarousel.m */; };
		4EB4FBBB1529F05700799AA4 /* StartupViewController.m in Sources */ = {isa = PBXBuildFile; fileRef = 4EB4FBBA1529F05700799AA4 /* StartupViewController.m */; };
		4EE945D1152B0ACC00E6A62A /* RankingService.m in Sources */ = {isa = PBXBuildFile; fileRef = 4EE945D0152B0ACC00E6A62A /* RankingService.m */; };
		4EE945D5152B228200E6A62A /* Constants.m in Sources */ = {isa = PBXBuildFile; fileRef = 4EE945D4152B228200E6A62A /* Constants.m */; };
		5B1AEB041537736A00786199 /* LeaguePickerView.m in Sources */ = {isa = PBXBuildFile; fileRef = 5B1AEB031537736A00786199 /* LeaguePickerView.m */; };
		5B1EE8B115274DFC00D01564 /* GameTable.m in Sources */ = {isa = PBXBuildFile; fileRef = 5B1EE8B015274DFC00D01564 /* GameTable.m */; };
		5B76D2B9152A38BA00225BEB /* League.m in Sources */ = {isa = PBXBuildFile; fileRef = 5B76D2B8152A38BA00225BEB /* League.m */; };
		5B7F2B12152901D1006A3687 /* MenuDependendScrollView.m in Sources */ = {isa = PBXBuildFile; fileRef = 5B7F2B11152901D1006A3687 /* MenuDependendScrollView.m */; };
		5B7F2B16152902C6006A3687 /* RankingTable.m in Sources */ = {isa = PBXBuildFile; fileRef = 5B7F2B15152902C6006A3687 /* RankingTable.m */; };
		5B7F2B1915290392006A3687 /* Ranking.m in Sources */ = {isa = PBXBuildFile; fileRef = 5B7F2B1815290392006A3687 /* Ranking.m */; };
		5B89849215375CFA00A170B5 /* lock.png in Resources */ = {isa = PBXBuildFile; fileRef = 5B89849115375CFA00A170B5 /* lock.png */; };
		5B8FB2401528784C003AEB05 /* lockClosed.png in Resources */ = {isa = PBXBuildFile; fileRef = 5B8FB23C1528784C003AEB05 /* lockClosed.png */; };
		5B8FB2411528784C003AEB05 /* lockOpen.png in Resources */ = {isa = PBXBuildFile; fileRef = 5B8FB23D1528784C003AEB05 /* lockOpen.png */; };
		5B8FB2421528784C003AEB05 /* grayBall.png in Resources */ = {isa = PBXBuildFile; fileRef = 5B8FB23E1528784C003AEB05 /* grayBall.png */; };
		5B8FB2431528784C003AEB05 /* greenBall.png in Resources */ = {isa = PBXBuildFile; fileRef = 5B8FB23F1528784C003AEB05 /* greenBall.png */; };
		5BA4B8A2152737ED006450B7 /* TimelineScrollViewRoundSection.m in Sources */ = {isa = PBXBuildFile; fileRef = 5BA4B8A1152737ED006450B7 /* TimelineScrollViewRoundSection.m */; };
		5BBE7ECB15263A9800FA980E /* SSGradientView.m in Sources */ = {isa = PBXBuildFile; fileRef = 5BBE7ECA15263A9800FA980E /* SSGradientView.m */; };
		5BBE7ECF15263ADA00FA980E /* SSBorderedView.m in Sources */ = {isa = PBXBuildFile; fileRef = 5BBE7ECE15263ADA00FA980E /* SSBorderedView.m */; };
		5BBE7ED215263B2100FA980E /* SSDrawingUtilities.m in Sources */ = {isa = PBXBuildFile; fileRef = 5BBE7ED115263B2100FA980E /* SSDrawingUtilities.m */; };
		5BD4B14115238F06004FE21B /* progress.png in Resources */ = {isa = PBXBuildFile; fileRef = 5BD4B14015238F06004FE21B /* progress.png */; };
		5BD4B144152395AF004FE21B /* separator.png in Resources */ = {isa = PBXBuildFile; fileRef = 5BD4B143152395AF004FE21B /* separator.png */; };
		5BD4B15415262263004FE21B /* TimelineRoundSection.m in Sources */ = {isa = PBXBuildFile; fileRef = 5BD4B15315262263004FE21B /* TimelineRoundSection.m */; };
		5BF4E863151D025300CC3AE9 /* MatchDetailsViewController.m in Sources */ = {isa = PBXBuildFile; fileRef = 5BF4E862151D025300CC3AE9 /* MatchDetailsViewController.m */; };
/* End PBXBuildFile section */

/* Begin PBXFileReference section */
		4E050D7B152209BA0063EDED /* blck.png */ = {isa = PBXFileReference; lastKnownFileType = image.png; path = blck.png; sourceTree = "<group>"; };
		4E050D7D15220A320063EDED /* UIColor+AppColors.h */ = {isa = PBXFileReference; fileEncoding = 4; lastKnownFileType = sourcecode.c.h; path = "UIColor+AppColors.h"; sourceTree = "<group>"; };
		4E050D7E15220A320063EDED /* UIColor+AppColors.m */ = {isa = PBXFileReference; fileEncoding = 4; lastKnownFileType = sourcecode.c.objc; path = "UIColor+AppColors.m"; sourceTree = "<group>"; };
		4E050D8015220E710063EDED /* square.png */ = {isa = PBXFileReference; lastKnownFileType = image.png; path = square.png; sourceTree = "<group>"; };
		4E050D821522115D0063EDED /* QuartzCore.framework */ = {isa = PBXFileReference; lastKnownFileType = wrapper.framework; name = QuartzCore.framework; path = System/Library/Frameworks/QuartzCore.framework; sourceTree = SDKROOT; };
		4E050D84152219F60063EDED /* GameResultCelll.h */ = {isa = PBXFileReference; fileEncoding = 4; lastKnownFileType = sourcecode.c.h; path = GameResultCelll.h; sourceTree = "<group>"; };
		4E050D85152219F60063EDED /* GameResultCelll.m */ = {isa = PBXFileReference; fileEncoding = 4; lastKnownFileType = sourcecode.c.objc; path = GameResultCelll.m; sourceTree = "<group>"; };
		4E050D8715233C560063EDED /* TimelineScrollView.h */ = {isa = PBXFileReference; fileEncoding = 4; lastKnownFileType = sourcecode.c.h; path = TimelineScrollView.h; sourceTree = "<group>"; };
		4E050D8815233C560063EDED /* TimelineScrollView.m */ = {isa = PBXFileReference; fileEncoding = 4; lastKnownFileType = sourcecode.c.objc; path = TimelineScrollView.m; sourceTree = "<group>"; };
		4E050D8A15234F060063EDED /* GameCell.h */ = {isa = PBXFileReference; fileEncoding = 4; lastKnownFileType = sourcecode.c.h; path = GameCell.h; sourceTree = "<group>"; };
		4E050D8B15234F060063EDED /* GameCell.m */ = {isa = PBXFileReference; fileEncoding = 4; lastKnownFileType = sourcecode.c.objc; path = GameCell.m; sourceTree = "<group>"; };
		4E050D8D15235A8F0063EDED /* Entitlements.plist */ = {isa = PBXFileReference; fileEncoding = 4; lastKnownFileType = text.plist.xml; path = Entitlements.plist; sourceTree = "<group>"; };
		4E050D9315236C6B0063EDED /* result.png */ = {isa = PBXFileReference; lastKnownFileType = image.png; path = result.png; sourceTree = "<group>"; };
		4E059D041525FA2E005ABD20 /* NSDate+DateConversion.h */ = {isa = PBXFileReference; fileEncoding = 4; lastKnownFileType = sourcecode.c.h; path = "NSDate+DateConversion.h"; sourceTree = "<group>"; };
		4E059D051525FA2E005ABD20 /* NSDate+DateConversion.m */ = {isa = PBXFileReference; fileEncoding = 4; lastKnownFileType = sourcecode.c.objc; path = "NSDate+DateConversion.m"; sourceTree = "<group>"; };
		4E059D071525FFBC005ABD20 /* Timeline.h */ = {isa = PBXFileReference; fileEncoding = 4; lastKnownFileType = sourcecode.c.h; path = Timeline.h; sourceTree = "<group>"; };
		4E059D081525FFBC005ABD20 /* Timeline.m */ = {isa = PBXFileReference; fileEncoding = 4; lastKnownFileType = sourcecode.c.objc; path = Timeline.m; sourceTree = "<group>"; };
		4E21509915247CF800DBBC81 /* flagBackground.png */ = {isa = PBXFileReference; lastKnownFileType = image.png; path = flagBackground.png; sourceTree = "<group>"; };
		4E21509C152480A800DBBC81 /* Menu.h */ = {isa = PBXFileReference; fileEncoding = 4; lastKnownFileType = sourcecode.c.h; path = Menu.h; sourceTree = "<group>"; };
		4E21509D152480A800DBBC81 /* Menu.m */ = {isa = PBXFileReference; fileEncoding = 4; lastKnownFileType = sourcecode.c.objc; path = Menu.m; sourceTree = "<group>"; };
		4E531C11151CAB050003CAD1 /* Appseits.app */ = {isa = PBXFileReference; explicitFileType = wrapper.application; includeInIndex = 0; path = Appseits.app; sourceTree = BUILT_PRODUCTS_DIR; };
		4E531C15151CAB050003CAD1 /* UIKit.framework */ = {isa = PBXFileReference; lastKnownFileType = wrapper.framework; name = UIKit.framework; path = System/Library/Frameworks/UIKit.framework; sourceTree = SDKROOT; };
		4E531C17151CAB050003CAD1 /* Foundation.framework */ = {isa = PBXFileReference; lastKnownFileType = wrapper.framework; name = Foundation.framework; path = System/Library/Frameworks/Foundation.framework; sourceTree = SDKROOT; };
		4E531C19151CAB050003CAD1 /* CoreGraphics.framework */ = {isa = PBXFileReference; lastKnownFileType = wrapper.framework; name = CoreGraphics.framework; path = System/Library/Frameworks/CoreGraphics.framework; sourceTree = SDKROOT; };
		4E531C1D151CAB060003CAD1 /* Appseits-Info.plist */ = {isa = PBXFileReference; lastKnownFileType = text.plist.xml; path = "Appseits-Info.plist"; sourceTree = "<group>"; };
		4E531C1F151CAB060003CAD1 /* en */ = {isa = PBXFileReference; lastKnownFileType = text.plist.strings; name = en; path = en.lproj/InfoPlist.strings; sourceTree = "<group>"; };
		4E531C21151CAB060003CAD1 /* main.m */ = {isa = PBXFileReference; lastKnownFileType = sourcecode.c.objc; path = main.m; sourceTree = "<group>"; };
		4E531C23151CAB060003CAD1 /* Appseits-Prefix.pch */ = {isa = PBXFileReference; lastKnownFileType = sourcecode.c.h; path = "Appseits-Prefix.pch"; sourceTree = "<group>"; };
		4E531C24151CAB060003CAD1 /* AppseitsAppDelegate.h */ = {isa = PBXFileReference; lastKnownFileType = sourcecode.c.h; path = AppseitsAppDelegate.h; sourceTree = "<group>"; };
		4E531C25151CAB060003CAD1 /* AppseitsAppDelegate.m */ = {isa = PBXFileReference; lastKnownFileType = sourcecode.c.objc; path = AppseitsAppDelegate.m; sourceTree = "<group>"; };
		4E531C28151CAB060003CAD1 /* en */ = {isa = PBXFileReference; lastKnownFileType = file.storyboard; name = en; path = en.lproj/MainStoryboard_iPhone.storyboard; sourceTree = "<group>"; };
		4E531C2B151CAB060003CAD1 /* en */ = {isa = PBXFileReference; lastKnownFileType = file.storyboard; name = en; path = en.lproj/MainStoryboard_iPad.storyboard; sourceTree = "<group>"; };
		4E531C39151CACA80003CAD1 /* OverviewViewController.h */ = {isa = PBXFileReference; fileEncoding = 4; lastKnownFileType = sourcecode.c.h; path = OverviewViewController.h; sourceTree = "<group>"; };
		4E531C3A151CACA80003CAD1 /* OverviewViewController.m */ = {isa = PBXFileReference; fileEncoding = 4; lastKnownFileType = sourcecode.c.objc; path = OverviewViewController.m; sourceTree = "<group>"; };
		4E531C3D151CAE500003CAD1 /* LoginViewController.h */ = {isa = PBXFileReference; fileEncoding = 4; lastKnownFileType = sourcecode.c.h; path = LoginViewController.h; sourceTree = "<group>"; };
		4E531C3E151CAE500003CAD1 /* LoginViewController.m */ = {isa = PBXFileReference; fileEncoding = 4; lastKnownFileType = sourcecode.c.objc; path = LoginViewController.m; sourceTree = "<group>"; };
		4E531C41151CB04A0003CAD1 /* TournamentRound.h */ = {isa = PBXFileReference; fileEncoding = 4; lastKnownFileType = sourcecode.c.h; path = TournamentRound.h; sourceTree = "<group>"; };
		4E531C42151CB04A0003CAD1 /* TournamentRound.m */ = {isa = PBXFileReference; fileEncoding = 4; lastKnownFileType = sourcecode.c.objc; path = TournamentRound.m; sourceTree = "<group>"; };
		4E531C44151CB05B0003CAD1 /* Game.h */ = {isa = PBXFileReference; fileEncoding = 4; lastKnownFileType = sourcecode.c.h; path = Game.h; sourceTree = "<group>"; };
		4E531C45151CB05B0003CAD1 /* Game.m */ = {isa = PBXFileReference; fileEncoding = 4; lastKnownFileType = sourcecode.c.objc; path = Game.m; sourceTree = "<group>"; };
		4E531C48151CB0820003CAD1 /* GameService.h */ = {isa = PBXFileReference; fileEncoding = 4; lastKnownFileType = sourcecode.c.h; path = GameService.h; sourceTree = "<group>"; };
		4E531C49151CB0820003CAD1 /* GameService.m */ = {isa = PBXFileReference; fileEncoding = 4; lastKnownFileType = sourcecode.c.objc; path = GameService.m; sourceTree = "<group>"; };
		4E531C4C151CB5D50003CAD1 /* GamePredictionCell.h */ = {isa = PBXFileReference; fileEncoding = 4; lastKnownFileType = sourcecode.c.h; path = GamePredictionCell.h; sourceTree = "<group>"; };
		4E531C4D151CB5D50003CAD1 /* GamePredictionCell.m */ = {isa = PBXFileReference; fileEncoding = 4; lastKnownFileType = sourcecode.c.objc; path = GamePredictionCell.m; sourceTree = "<group>"; };
		4E8571881537328B00795055 /* tipBar.png */ = {isa = PBXFileReference; lastKnownFileType = image.png; path = tipBar.png; sourceTree = "<group>"; };
		4E86FF5A152B275F00958DDE /* RankingCell.h */ = {isa = PBXFileReference; fileEncoding = 4; lastKnownFileType = sourcecode.c.h; path = RankingCell.h; sourceTree = "<group>"; };
		4E86FF5B152B275F00958DDE /* RankingCell.m */ = {isa = PBXFileReference; fileEncoding = 4; lastKnownFileType = sourcecode.c.objc; path = RankingCell.m; sourceTree = "<group>"; };
		4E9D96E71536FF770092DA78 /* iCarousel.h */ = {isa = PBXFileReference; fileEncoding = 4; lastKnownFileType = sourcecode.c.h; path = iCarousel.h; sourceTree = "<group>"; };
		4E9D96E81536FF770092DA78 /* iCarousel.m */ = {isa = PBXFileReference; fileEncoding = 4; lastKnownFileType = sourcecode.c.objc; path = iCarousel.m; sourceTree = "<group>"; };
		4EB4FBB91529F05700799AA4 /* StartupViewController.h */ = {isa = PBXFileReference; fileEncoding = 4; lastKnownFileType = sourcecode.c.h; path = StartupViewController.h; sourceTree = "<group>"; };
		4EB4FBBA1529F05700799AA4 /* StartupViewController.m */ = {isa = PBXFileReference; fileEncoding = 4; lastKnownFileType = sourcecode.c.objc; path = StartupViewController.m; sourceTree = "<group>"; };
		4EE945CF152B0ACC00E6A62A /* RankingService.h */ = {isa = PBXFileReference; fileEncoding = 4; lastKnownFileType = sourcecode.c.h; path = RankingService.h; sourceTree = "<group>"; };
		4EE945D0152B0ACC00E6A62A /* RankingService.m */ = {isa = PBXFileReference; fileEncoding = 4; lastKnownFileType = sourcecode.c.objc; path = RankingService.m; sourceTree = "<group>"; };
		4EE945D3152B228200E6A62A /* Constants.h */ = {isa = PBXFileReference; fileEncoding = 4; lastKnownFileType = sourcecode.c.h; path = Constants.h; sourceTree = "<group>"; };
		4EE945D4152B228200E6A62A /* Constants.m */ = {isa = PBXFileReference; fileEncoding = 4; lastKnownFileType = sourcecode.c.objc; path = Constants.m; sourceTree = "<group>"; };
		5B1AEB021537736A00786199 /* LeaguePickerView.h */ = {isa = PBXFileReference; fileEncoding = 4; lastKnownFileType = sourcecode.c.h; path = LeaguePickerView.h; sourceTree = "<group>"; };
		5B1AEB031537736A00786199 /* LeaguePickerView.m */ = {isa = PBXFileReference; fileEncoding = 4; lastKnownFileType = sourcecode.c.objc; path = LeaguePickerView.m; sourceTree = "<group>"; };
		5B1EE8AD15274BE000D01564 /* TournamentRoundSelectDelegate.h */ = {isa = PBXFileReference; lastKnownFileType = sourcecode.c.h; path = TournamentRoundSelectDelegate.h; sourceTree = "<group>"; };
		5B1EE8AF15274DFC00D01564 /* GameTable.h */ = {isa = PBXFileReference; fileEncoding = 4; lastKnownFileType = sourcecode.c.h; path = GameTable.h; sourceTree = "<group>"; };
		5B1EE8B015274DFC00D01564 /* GameTable.m */ = {isa = PBXFileReference; fileEncoding = 4; lastKnownFileType = sourcecode.c.objc; path = GameTable.m; sourceTree = "<group>"; };
		5B76D2B7152A38BA00225BEB /* League.h */ = {isa = PBXFileReference; fileEncoding = 4; lastKnownFileType = sourcecode.c.h; path = League.h; sourceTree = "<group>"; };
		5B76D2B8152A38BA00225BEB /* League.m */ = {isa = PBXFileReference; fileEncoding = 4; lastKnownFileType = sourcecode.c.objc; path = League.m; sourceTree = "<group>"; };
		5B7F2B10152901D1006A3687 /* MenuDependendScrollView.h */ = {isa = PBXFileReference; fileEncoding = 4; lastKnownFileType = sourcecode.c.h; path = MenuDependendScrollView.h; sourceTree = "<group>"; };
		5B7F2B11152901D1006A3687 /* MenuDependendScrollView.m */ = {isa = PBXFileReference; fileEncoding = 4; lastKnownFileType = sourcecode.c.objc; path = MenuDependendScrollView.m; sourceTree = "<group>"; };
		5B7F2B14152902C6006A3687 /* RankingTable.h */ = {isa = PBXFileReference; fileEncoding = 4; lastKnownFileType = sourcecode.c.h; path = RankingTable.h; sourceTree = "<group>"; };
		5B7F2B15152902C6006A3687 /* RankingTable.m */ = {isa = PBXFileReference; fileEncoding = 4; lastKnownFileType = sourcecode.c.objc; path = RankingTable.m; sourceTree = "<group>"; };
		5B7F2B1715290392006A3687 /* Ranking.h */ = {isa = PBXFileReference; fileEncoding = 4; lastKnownFileType = sourcecode.c.h; path = Ranking.h; sourceTree = "<group>"; };
		5B7F2B1815290392006A3687 /* Ranking.m */ = {isa = PBXFileReference; fileEncoding = 4; lastKnownFileType = sourcecode.c.objc; path = Ranking.m; sourceTree = "<group>"; };
		5B89849115375CFA00A170B5 /* lock.png */ = {isa = PBXFileReference; lastKnownFileType = image.png; path = lock.png; sourceTree = "<group>"; };
		5B8FB23C1528784C003AEB05 /* lockClosed.png */ = {isa = PBXFileReference; lastKnownFileType = image.png; path = lockClosed.png; sourceTree = "<group>"; };
		5B8FB23D1528784C003AEB05 /* lockOpen.png */ = {isa = PBXFileReference; lastKnownFileType = image.png; path = lockOpen.png; sourceTree = "<group>"; };
		5B8FB23E1528784C003AEB05 /* grayBall.png */ = {isa = PBXFileReference; lastKnownFileType = image.png; path = grayBall.png; sourceTree = "<group>"; };
		5B8FB23F1528784C003AEB05 /* greenBall.png */ = {isa = PBXFileReference; lastKnownFileType = image.png; path = greenBall.png; sourceTree = "<group>"; };
		5BA4B8A0152737ED006450B7 /* TimelineScrollViewRoundSection.h */ = {isa = PBXFileReference; fileEncoding = 4; lastKnownFileType = sourcecode.c.h; path = TimelineScrollViewRoundSection.h; sourceTree = "<group>"; };
		5BA4B8A1152737ED006450B7 /* TimelineScrollViewRoundSection.m */ = {isa = PBXFileReference; fileEncoding = 4; lastKnownFileType = sourcecode.c.objc; path = TimelineScrollViewRoundSection.m; sourceTree = "<group>"; };
		5BBE7EC915263A9800FA980E /* SSGradientView.h */ = {isa = PBXFileReference; fileEncoding = 4; lastKnownFileType = sourcecode.c.h; path = SSGradientView.h; sourceTree = "<group>"; };
		5BBE7ECA15263A9800FA980E /* SSGradientView.m */ = {isa = PBXFileReference; fileEncoding = 4; lastKnownFileType = sourcecode.c.objc; path = SSGradientView.m; sourceTree = "<group>"; };
		5BBE7ECD15263ADA00FA980E /* SSBorderedView.h */ = {isa = PBXFileReference; fileEncoding = 4; lastKnownFileType = sourcecode.c.h; path = SSBorderedView.h; sourceTree = "<group>"; };
		5BBE7ECE15263ADA00FA980E /* SSBorderedView.m */ = {isa = PBXFileReference; fileEncoding = 4; lastKnownFileType = sourcecode.c.objc; path = SSBorderedView.m; sourceTree = "<group>"; };
		5BBE7ED015263B2100FA980E /* SSDrawingUtilities.h */ = {isa = PBXFileReference; fileEncoding = 4; lastKnownFileType = sourcecode.c.h; path = SSDrawingUtilities.h; sourceTree = "<group>"; };
		5BBE7ED115263B2100FA980E /* SSDrawingUtilities.m */ = {isa = PBXFileReference; fileEncoding = 4; lastKnownFileType = sourcecode.c.objc; path = SSDrawingUtilities.m; sourceTree = "<group>"; };
		5BD4B14015238F06004FE21B /* progress.png */ = {isa = PBXFileReference; lastKnownFileType = image.png; path = progress.png; sourceTree = "<group>"; };
		5BD4B143152395AF004FE21B /* separator.png */ = {isa = PBXFileReference; lastKnownFileType = image.png; path = separator.png; sourceTree = "<group>"; };
		5BD4B15215262263004FE21B /* TimelineRoundSection.h */ = {isa = PBXFileReference; fileEncoding = 4; lastKnownFileType = sourcecode.c.h; path = TimelineRoundSection.h; sourceTree = "<group>"; };
		5BD4B15315262263004FE21B /* TimelineRoundSection.m */ = {isa = PBXFileReference; fileEncoding = 4; lastKnownFileType = sourcecode.c.objc; path = TimelineRoundSection.m; sourceTree = "<group>"; };
		5BF4E861151D025300CC3AE9 /* MatchDetailsViewController.h */ = {isa = PBXFileReference; fileEncoding = 4; lastKnownFileType = sourcecode.c.h; path = MatchDetailsViewController.h; sourceTree = "<group>"; };
		5BF4E862151D025300CC3AE9 /* MatchDetailsViewController.m */ = {isa = PBXFileReference; fileEncoding = 4; lastKnownFileType = sourcecode.c.objc; path = MatchDetailsViewController.m; sourceTree = "<group>"; };
/* End PBXFileReference section */

/* Begin PBXFrameworksBuildPhase section */
		4E531C0E151CAB050003CAD1 /* Frameworks */ = {
			isa = PBXFrameworksBuildPhase;
			buildActionMask = 2147483647;
			files = (
				4E050D831522115D0063EDED /* QuartzCore.framework in Frameworks */,
				4E531C16151CAB050003CAD1 /* UIKit.framework in Frameworks */,
				4E531C18151CAB050003CAD1 /* Foundation.framework in Frameworks */,
				4E531C1A151CAB050003CAD1 /* CoreGraphics.framework in Frameworks */,
			);
			runOnlyForDeploymentPostprocessing = 0;
		};
/* End PBXFrameworksBuildPhase section */

/* Begin PBXGroup section */
		4E050D79152209B20063EDED /* images */ = {
			isa = PBXGroup;
			children = (
				5B89849115375CFA00A170B5 /* lock.png */,
				4E8571881537328B00795055 /* tipBar.png */,
				5B8FB23C1528784C003AEB05 /* lockClosed.png */,
				5B8FB23D1528784C003AEB05 /* lockOpen.png */,
				5B8FB23E1528784C003AEB05 /* grayBall.png */,
				5B8FB23F1528784C003AEB05 /* greenBall.png */,
				4E21509915247CF800DBBC81 /* flagBackground.png */,
				5BD4B143152395AF004FE21B /* separator.png */,
				5BD4B14015238F06004FE21B /* progress.png */,
				4E050D9315236C6B0063EDED /* result.png */,
				4E050D8015220E710063EDED /* square.png */,
				4E050D7B152209BA0063EDED /* blck.png */,
			);
			name = images;
			sourceTree = "<group>";
		};
		4E059D021525FA0E005ABD20 /* util */ = {
			isa = PBXGroup;
			children = (
				4E059D041525FA2E005ABD20 /* NSDate+DateConversion.h */,
				4E059D051525FA2E005ABD20 /* NSDate+DateConversion.m */,
				5BBE7EC915263A9800FA980E /* SSGradientView.h */,
				5BBE7ECA15263A9800FA980E /* SSGradientView.m */,
				5BBE7ECD15263ADA00FA980E /* SSBorderedView.h */,
				5BBE7ECE15263ADA00FA980E /* SSBorderedView.m */,
				5BBE7ED015263B2100FA980E /* SSDrawingUtilities.h */,
				5BBE7ED115263B2100FA980E /* SSDrawingUtilities.m */,
				4EE945D3152B228200E6A62A /* Constants.h */,
				4EE945D4152B228200E6A62A /* Constants.m */,
			);
			name = util;
			sourceTree = "<group>";
		};
		4E531C06151CAB050003CAD1 = {
			isa = PBXGroup;
			children = (
				4E050D821522115D0063EDED /* QuartzCore.framework */,
				4E531C1B151CAB060003CAD1 /* Appseits */,
				4E531C14151CAB050003CAD1 /* Frameworks */,
				4E531C12151CAB050003CAD1 /* Products */,
			);
			sourceTree = "<group>";
		};
		4E531C12151CAB050003CAD1 /* Products */ = {
			isa = PBXGroup;
			children = (
				4E531C11151CAB050003CAD1 /* Appseits.app */,
			);
			name = Products;
			sourceTree = "<group>";
		};
		4E531C14151CAB050003CAD1 /* Frameworks */ = {
			isa = PBXGroup;
			children = (
				4E531C15151CAB050003CAD1 /* UIKit.framework */,
				4E531C17151CAB050003CAD1 /* Foundation.framework */,
				4E531C19151CAB050003CAD1 /* CoreGraphics.framework */,
			);
			name = Frameworks;
			sourceTree = "<group>";
		};
		4E531C1B151CAB060003CAD1 /* Appseits */ = {
			isa = PBXGroup;
			children = (
				4E9D96E71536FF770092DA78 /* iCarousel.h */,
				4E9D96E81536FF770092DA78 /* iCarousel.m */,
				4E059D021525FA0E005ABD20 /* util */,
				5BF4E860151D023300CC3AE9 /* controller */,
				4E050D79152209B20063EDED /* images */,
				4E531C4B151CB5BB0003CAD1 /* view */,
				4E531C47151CB06C0003CAD1 /* services */,
				4E531C40151CB0240003CAD1 /* model */,
				4E531C24151CAB060003CAD1 /* AppseitsAppDelegate.h */,
				4E531C25151CAB060003CAD1 /* AppseitsAppDelegate.m */,
				4E531C27151CAB060003CAD1 /* MainStoryboard_iPhone.storyboard */,
				4E531C2A151CAB060003CAD1 /* MainStoryboard_iPad.storyboard */,
				4E531C1C151CAB060003CAD1 /* Supporting Files */,
				4E531C39151CACA80003CAD1 /* OverviewViewController.h */,
				4E531C3A151CACA80003CAD1 /* OverviewViewController.m */,
				4E531C3D151CAE500003CAD1 /* LoginViewController.h */,
				4E531C3E151CAE500003CAD1 /* LoginViewController.m */,
				4E050D7D15220A320063EDED /* UIColor+AppColors.h */,
				4E050D7E15220A320063EDED /* UIColor+AppColors.m */,
				4E050D8D15235A8F0063EDED /* Entitlements.plist */,
			);
			path = Appseits;
			sourceTree = "<group>";
		};
		4E531C1C151CAB060003CAD1 /* Supporting Files */ = {
			isa = PBXGroup;
			children = (
				4E531C1D151CAB060003CAD1 /* Appseits-Info.plist */,
				4E531C1E151CAB060003CAD1 /* InfoPlist.strings */,
				4E531C21151CAB060003CAD1 /* main.m */,
				4E531C23151CAB060003CAD1 /* Appseits-Prefix.pch */,
			);
			name = "Supporting Files";
			sourceTree = "<group>";
		};
		4E531C40151CB0240003CAD1 /* model */ = {
			isa = PBXGroup;
			children = (
				4E531C41151CB04A0003CAD1 /* TournamentRound.h */,
				4E531C42151CB04A0003CAD1 /* TournamentRound.m */,
				4E531C44151CB05B0003CAD1 /* Game.h */,
				4E531C45151CB05B0003CAD1 /* Game.m */,
				5B7F2B1715290392006A3687 /* Ranking.h */,
				5B7F2B1815290392006A3687 /* Ranking.m */,
				5B76D2B7152A38BA00225BEB /* League.h */,
				5B76D2B8152A38BA00225BEB /* League.m */,
			);
			name = model;
			sourceTree = "<group>";
		};
		4E531C47151CB06C0003CAD1 /* services */ = {
			isa = PBXGroup;
			children = (
				4E531C48151CB0820003CAD1 /* GameService.h */,
				4E531C49151CB0820003CAD1 /* GameService.m */,
				4EE945CF152B0ACC00E6A62A /* RankingService.h */,
				4EE945D0152B0ACC00E6A62A /* RankingService.m */,
			);
			name = services;
			sourceTree = "<group>";
		};
		4E531C4B151CB5BB0003CAD1 /* view */ = {
			isa = PBXGroup;
			children = (
				4E050D8A15234F060063EDED /* GameCell.h */,
				4E050D8B15234F060063EDED /* GameCell.m */,
				4E050D84152219F60063EDED /* GameResultCelll.h */,
				4E050D85152219F60063EDED /* GameResultCelll.m */,
				4E531C4C151CB5D50003CAD1 /* GamePredictionCell.h */,
				4E531C4D151CB5D50003CAD1 /* GamePredictionCell.m */,
				4E050D8715233C560063EDED /* TimelineScrollView.h */,
				4E050D8815233C560063EDED /* TimelineScrollView.m */,
				5BA4B8A0152737ED006450B7 /* TimelineScrollViewRoundSection.h */,
				5BA4B8A1152737ED006450B7 /* TimelineScrollViewRoundSection.m */,
				4E21509C152480A800DBBC81 /* Menu.h */,
				4E21509D152480A800DBBC81 /* Menu.m */,
				4E059D071525FFBC005ABD20 /* Timeline.h */,
				4E059D081525FFBC005ABD20 /* Timeline.m */,
				5BD4B15215262263004FE21B /* TimelineRoundSection.h */,
				5BD4B15315262263004FE21B /* TimelineRoundSection.m */,
				5B1EE8AD15274BE000D01564 /* TournamentRoundSelectDelegate.h */,
				5B1EE8AF15274DFC00D01564 /* GameTable.h */,
				5B1EE8B015274DFC00D01564 /* GameTable.m */,
				5B7F2B10152901D1006A3687 /* MenuDependendScrollView.h */,
				5B7F2B11152901D1006A3687 /* MenuDependendScrollView.m */,
				5B7F2B14152902C6006A3687 /* RankingTable.h */,
				5B7F2B15152902C6006A3687 /* RankingTable.m */,
				4E86FF5A152B275F00958DDE /* RankingCell.h */,
				4E86FF5B152B275F00958DDE /* RankingCell.m */,
				5B1AEB021537736A00786199 /* LeaguePickerView.h */,
				5B1AEB031537736A00786199 /* LeaguePickerView.m */,
			);
			name = view;
			sourceTree = "<group>";
		};
		5BF4E860151D023300CC3AE9 /* controller */ = {
			isa = PBXGroup;
			children = (
				4E531C39151CACA80003CAD1 /* OverviewViewController.h */,
				4E531C3A151CACA80003CAD1 /* OverviewViewController.m */,
				4E531C3D151CAE500003CAD1 /* LoginViewController.h */,
				4E531C3E151CAE500003CAD1 /* LoginViewController.m */,
				5BF4E861151D025300CC3AE9 /* MatchDetailsViewController.h */,
				5BF4E862151D025300CC3AE9 /* MatchDetailsViewController.m */,
				4EB4FBB91529F05700799AA4 /* StartupViewController.h */,
				4EB4FBBA1529F05700799AA4 /* StartupViewController.m */,
			);
			name = controller;
			sourceTree = "<group>";
		};
/* End PBXGroup section */

/* Begin PBXNativeTarget section */
		4E531C10151CAB050003CAD1 /* Appseits */ = {
			isa = PBXNativeTarget;
			buildConfigurationList = 4E531C32151CAB060003CAD1 /* Build configuration list for PBXNativeTarget "Appseits" */;
			buildPhases = (
				4E531C0D151CAB050003CAD1 /* Sources */,
				4E531C0E151CAB050003CAD1 /* Frameworks */,
				4E531C0F151CAB050003CAD1 /* Resources */,
			);
			buildRules = (
			);
			dependencies = (
			);
			name = Appseits;
			productName = Appseits;
			productReference = 4E531C11151CAB050003CAD1 /* Appseits.app */;
			productType = "com.apple.product-type.application";
		};
/* End PBXNativeTarget section */

/* Begin PBXProject section */
		4E531C08151CAB050003CAD1 /* Project object */ = {
			isa = PBXProject;
			attributes = {
				CLASSPREFIX = Appseits;
				LastUpgradeCheck = 0430;
			};
			buildConfigurationList = 4E531C0B151CAB050003CAD1 /* Build configuration list for PBXProject "Appseits" */;
			compatibilityVersion = "Xcode 3.2";
			developmentRegion = English;
			hasScannedForEncodings = 0;
			knownRegions = (
				en,
			);
			mainGroup = 4E531C06151CAB050003CAD1;
			productRefGroup = 4E531C12151CAB050003CAD1 /* Products */;
			projectDirPath = "";
			projectRoot = "";
			targets = (
				4E531C10151CAB050003CAD1 /* Appseits */,
			);
		};
/* End PBXProject section */

/* Begin PBXResourcesBuildPhase section */
		4E531C0F151CAB050003CAD1 /* Resources */ = {
			isa = PBXResourcesBuildPhase;
			buildActionMask = 2147483647;
			files = (
				4E531C20151CAB060003CAD1 /* InfoPlist.strings in Resources */,
				4E531C29151CAB060003CAD1 /* MainStoryboard_iPhone.storyboard in Resources */,
				4E531C2C151CAB060003CAD1 /* MainStoryboard_iPad.storyboard in Resources */,
				4E050D7C152209BA0063EDED /* blck.png in Resources */,
				4E050D8115220E710063EDED /* square.png in Resources */,
				4E050D8E15235A8F0063EDED /* Entitlements.plist in Resources */,
				4E050D9415236C6B0063EDED /* result.png in Resources */,
				5BD4B14115238F06004FE21B /* progress.png in Resources */,
				5BD4B144152395AF004FE21B /* separator.png in Resources */,
				4E21509A15247CF800DBBC81 /* flagBackground.png in Resources */,
				5B8FB2401528784C003AEB05 /* lockClosed.png in Resources */,
				5B8FB2411528784C003AEB05 /* lockOpen.png in Resources */,
				5B8FB2421528784C003AEB05 /* grayBall.png in Resources */,
				5B8FB2431528784C003AEB05 /* greenBall.png in Resources */,
				4E8571891537328B00795055 /* tipBar.png in Resources */,
				5B89849215375CFA00A170B5 /* lock.png in Resources */,
			);
			runOnlyForDeploymentPostprocessing = 0;
		};
/* End PBXResourcesBuildPhase section */

/* Begin PBXSourcesBuildPhase section */
		4E531C0D151CAB050003CAD1 /* Sources */ = {
			isa = PBXSourcesBuildPhase;
			buildActionMask = 2147483647;
			files = (
				4E531C22151CAB060003CAD1 /* main.m in Sources */,
				4E531C26151CAB060003CAD1 /* AppseitsAppDelegate.m in Sources */,
				4E531C3B151CACA90003CAD1 /* OverviewViewController.m in Sources */,
				4E531C3F151CAE500003CAD1 /* LoginViewController.m in Sources */,
				4E531C43151CB04A0003CAD1 /* TournamentRound.m in Sources */,
				5BF4E863151D025300CC3AE9 /* MatchDetailsViewController.m in Sources */,
				4E531C46151CB05B0003CAD1 /* Game.m in Sources */,
				4E531C4A151CB0820003CAD1 /* GameService.m in Sources */,
				4E531C4E151CB5D50003CAD1 /* GamePredictionCell.m in Sources */,
				4E050D7F15220A320063EDED /* UIColor+AppColors.m in Sources */,
				4E050D86152219F60063EDED /* GameResultCelll.m in Sources */,
				4E050D8915233C560063EDED /* TimelineScrollView.m in Sources */,
				4E050D8C15234F060063EDED /* GameCell.m in Sources */,
				4E21509E152480A800DBBC81 /* Menu.m in Sources */,
				4E059D061525FA2E005ABD20 /* NSDate+DateConversion.m in Sources */,
				4E059D091525FFBC005ABD20 /* Timeline.m in Sources */,
				5BD4B15415262263004FE21B /* TimelineRoundSection.m in Sources */,
				5BBE7ECB15263A9800FA980E /* SSGradientView.m in Sources */,
				5BBE7ECF15263ADA00FA980E /* SSBorderedView.m in Sources */,
				5BBE7ED215263B2100FA980E /* SSDrawingUtilities.m in Sources */,
				5BA4B8A2152737ED006450B7 /* TimelineScrollViewRoundSection.m in Sources */,
				5B1EE8B115274DFC00D01564 /* GameTable.m in Sources */,
				5B7F2B12152901D1006A3687 /* MenuDependendScrollView.m in Sources */,
				5B7F2B16152902C6006A3687 /* RankingTable.m in Sources */,
				5B7F2B1915290392006A3687 /* Ranking.m in Sources */,
				4EB4FBBB1529F05700799AA4 /* StartupViewController.m in Sources */,
				5B76D2B9152A38BA00225BEB /* League.m in Sources */,
				4EE945D1152B0ACC00E6A62A /* RankingService.m in Sources */,
				4EE945D5152B228200E6A62A /* Constants.m in Sources */,
				4E86FF5C152B275F00958DDE /* RankingCell.m in Sources */,
				4E9D96E91536FF770092DA78 /* iCarousel.m in Sources */,
				5B1AEB041537736A00786199 /* LeaguePickerView.m in Sources */,
			);
			runOnlyForDeploymentPostprocessing = 0;
		};
/* End PBXSourcesBuildPhase section */

/* Begin PBXVariantGroup section */
		4E531C1E151CAB060003CAD1 /* InfoPlist.strings */ = {
			isa = PBXVariantGroup;
			children = (
				4E531C1F151CAB060003CAD1 /* en */,
			);
			name = InfoPlist.strings;
			sourceTree = "<group>";
		};
		4E531C27151CAB060003CAD1 /* MainStoryboard_iPhone.storyboard */ = {
			isa = PBXVariantGroup;
			children = (
				4E531C28151CAB060003CAD1 /* en */,
			);
			name = MainStoryboard_iPhone.storyboard;
			sourceTree = "<group>";
		};
		4E531C2A151CAB060003CAD1 /* MainStoryboard_iPad.storyboard */ = {
			isa = PBXVariantGroup;
			children = (
				4E531C2B151CAB060003CAD1 /* en */,
			);
			name = MainStoryboard_iPad.storyboard;
			sourceTree = "<group>";
		};
/* End PBXVariantGroup section */

/* Begin XCBuildConfiguration section */
		4E531C30151CAB060003CAD1 /* Debug */ = {
			isa = XCBuildConfiguration;
			buildSettings = {
				ALWAYS_SEARCH_USER_PATHS = NO;
				ARCHS = "$(ARCHS_STANDARD_32_BIT)";
				CLANG_ENABLE_OBJC_ARC = YES;
				"CODE_SIGN_IDENTITY[sdk=iphoneos*]" = "iPhone Developer";
				COPY_PHASE_STRIP = NO;
				GCC_C_LANGUAGE_STANDARD = gnu99;
				GCC_DYNAMIC_NO_PIC = NO;
				GCC_OPTIMIZATION_LEVEL = 0;
				GCC_PREPROCESSOR_DEFINITIONS = (
					"DEBUG=1",
					"$(inherited)",
				);
				GCC_SYMBOLS_PRIVATE_EXTERN = NO;
				GCC_VERSION = com.apple.compilers.llvm.clang.1_0;
				GCC_WARN_ABOUT_RETURN_TYPE = YES;
				GCC_WARN_UNINITIALIZED_AUTOS = YES;
				GCC_WARN_UNUSED_VARIABLE = YES;
				IPHONEOS_DEPLOYMENT_TARGET = 5.0;
				SDKROOT = iphoneos;
				TARGETED_DEVICE_FAMILY = "1,2";
			};
			name = Debug;
		};
		4E531C31151CAB060003CAD1 /* Release */ = {
			isa = XCBuildConfiguration;
			buildSettings = {
				ALWAYS_SEARCH_USER_PATHS = NO;
				ARCHS = "$(ARCHS_STANDARD_32_BIT)";
				CLANG_ENABLE_OBJC_ARC = YES;
				"CODE_SIGN_IDENTITY[sdk=iphoneos*]" = "iPhone Developer";
				COPY_PHASE_STRIP = YES;
				GCC_C_LANGUAGE_STANDARD = gnu99;
				GCC_VERSION = com.apple.compilers.llvm.clang.1_0;
				GCC_WARN_ABOUT_RETURN_TYPE = YES;
				GCC_WARN_UNINITIALIZED_AUTOS = YES;
				GCC_WARN_UNUSED_VARIABLE = YES;
				IPHONEOS_DEPLOYMENT_TARGET = 5.0;
				OTHER_CFLAGS = "-DNS_BLOCK_ASSERTIONS=1";
				SDKROOT = iphoneos;
				TARGETED_DEVICE_FAMILY = "1,2";
				VALIDATE_PRODUCT = YES;
			};
			name = Release;
		};
		4E531C33151CAB060003CAD1 /* Debug */ = {
			isa = XCBuildConfiguration;
			buildSettings = {
				CODE_SIGN_ENTITLEMENTS = Appseits/Entitlements.plist;
				"CODE_SIGN_IDENTITY[sdk=iphoneos*]" = "iPhone Distribution: Stendahls Reklambyra AB";
				GCC_PRECOMPILE_PREFIX_HEADER = YES;
				GCC_PREFIX_HEADER = "Appseits/Appseits-Prefix.pch";
				INFOPLIST_FILE = "Appseits/Appseits-Info.plist";
				IPHONEOS_DEPLOYMENT_TARGET = 5.0;
				PRODUCT_NAME = "$(TARGET_NAME)";
				"PROVISIONING_PROFILE[sdk=iphoneos*]" = "AB053E97-EE2C-4D06-869F-A76C5557F17E";
				WRAPPER_EXTENSION = app;
			};
			name = Debug;
		};
		4E531C34151CAB060003CAD1 /* Release */ = {
			isa = XCBuildConfiguration;
			buildSettings = {
				CODE_SIGN_ENTITLEMENTS = Appseits/Entitlements.plist;
				"CODE_SIGN_IDENTITY[sdk=iphoneos*]" = "iPhone Distribution: Stendahls Reklambyra AB";
				GCC_PRECOMPILE_PREFIX_HEADER = YES;
				GCC_PREFIX_HEADER = "Appseits/Appseits-Prefix.pch";
				INFOPLIST_FILE = "Appseits/Appseits-Info.plist";
				IPHONEOS_DEPLOYMENT_TARGET = 5.0;
				PRODUCT_NAME = "$(TARGET_NAME)";
				"PROVISIONING_PROFILE[sdk=iphoneos*]" = "AB053E97-EE2C-4D06-869F-A76C5557F17E";
				WRAPPER_EXTENSION = app;
			};
			name = Release;
		};
/* End XCBuildConfiguration section */

/* Begin XCConfigurationList section */
		4E531C0B151CAB050003CAD1 /* Build configuration list for PBXProject "Appseits" */ = {
			isa = XCConfigurationList;
			buildConfigurations = (
				4E531C30151CAB060003CAD1 /* Debug */,
				4E531C31151CAB060003CAD1 /* Release */,
			);
			defaultConfigurationIsVisible = 0;
			defaultConfigurationName = Release;
		};
		4E531C32151CAB060003CAD1 /* Build configuration list for PBXNativeTarget "Appseits" */ = {
			isa = XCConfigurationList;
			buildConfigurations = (
				4E531C33151CAB060003CAD1 /* Debug */,
				4E531C34151CAB060003CAD1 /* Release */,
			);
			defaultConfigurationIsVisible = 0;
			defaultConfigurationName = Release;
		};
/* End XCConfigurationList section */
	};
	rootObject = 4E531C08151CAB050003CAD1 /* Project object */;
}
